
Microsoft Visual Studio Solution File, Format Version 12.00
# Visual Studio Version 16
VisualStudioVersion = 16.0.31911.196
MinimumVisualStudioVersion = 10.0.40219.1
Project("{FAE04EC0-301F-11D3-BF4B-00C04F79EFBC}") = "Newton's method for solving systems of equations", "Newton's method for solving systems of equations.csproj", "{A0059F86-8AAB-43DE-AE50-E8F9AC58BBAB}"
EndProject
Global
	GlobalSection(SolutionConfigurationPlatforms) = preSolution
		Debug|Any CPU = Debug|Any CPU
		Release|Any CPU = Release|Any CPU
	EndGlobalSection
	GlobalSection(ProjectConfigurationPlatforms) = postSolution
		{A0059F86-8AAB-43DE-AE50-E8F9AC58BBAB}.Debug|Any CPU.ActiveCfg = Debug|Any CPU
		{A0059F86-8AAB-43DE-AE50-E8F9AC58BBAB}.Debug|Any CPU.Build.0 = Debug|Any CPU
		{A0059F86-8AAB-43DE-AE50-E8F9AC58BBAB}.Release|Any CPU.ActiveCfg = Release|Any CPU
		{A0059F86-8AAB-43DE-AE50-E8F9AC58BBAB}.Release|Any CPU.Build.0 = Release|Any CPU
	EndGlobalSection
	GlobalSection(SolutionProperties) = preSolution
		HideSolutionNode = FALSE
	EndGlobalSection
	GlobalSection(ExtensibilityGlobals) = postSolution
		SolutionGuid = {41FEDBAD-CC11-4A08-B5D8-C9C12BF9CD70}
	EndGlobalSection
EndGlobal
